
Microsoft Visual Studio Solution File, Format Version 12.00
# Visual Studio 2012
Project("{FAE04EC0-301F-11D3-BF4B-00C04F79EFBC}") = "TechWebSolutions", "TechWebSolutions\TechWebSolutions.csproj", "{FBF02D8C-FF7C-4D52-8A02-3E9548DDC003}"
EndProject
Global
	GlobalSection(SolutionConfigurationPlatforms) = preSolution
		Debug|Any CPU = Debug|Any CPU
		Release|Any CPU = Release|Any CPU
	EndGlobalSection
	GlobalSection(ProjectConfigurationPlatforms) = postSolution
		{FBF02D8C-FF7C-4D52-8A02-3E9548DDC003}.Debug|Any CPU.ActiveCfg = Debug|Any CPU
		{FBF02D8C-FF7C-4D52-8A02-3E9548DDC003}.Debug|Any CPU.Build.0 = Debug|Any CPU
		{FBF02D8C-FF7C-4D52-8A02-3E9548DDC003}.Release|Any CPU.ActiveCfg = Release|Any CPU
		{FBF02D8C-FF7C-4D52-8A02-3E9548DDC003}.Release|Any CPU.Build.0 = Release|Any CPU
	EndGlobalSection
	GlobalSection(SolutionProperties) = preSolution
		HideSolutionNode = FALSE
	EndGlobalSection
EndGlobal
